
Microsoft Visual Studio Solution File, Format Version 12.00
# Visual Studio 15
VisualStudioVersion = 15.0.27703.2042
MinimumVisualStudioVersion = 10.0.40219.1
Project("{FAE04EC0-301F-11D3-BF4B-00C04F79EFBC}") = "VickiWebApp", "VickiWebApp\VickiWebApp.csproj", "{4D3C59EF-57FE-4D0C-A2A4-61CBEAD9EFDA}"
EndProject
Global
	GlobalSection(SolutionConfigurationPlatforms) = preSolution
		Debug|Any CPU = Debug|Any CPU
		Release|Any CPU = Release|Any CPU
	EndGlobalSection
	GlobalSection(ProjectConfigurationPlatforms) = postSolution
		{4D3C59EF-57FE-4D0C-A2A4-61CBEAD9EFDA}.Debug|Any CPU.ActiveCfg = Debug|Any CPU
		{4D3C59EF-57FE-4D0C-A2A4-61CBEAD9EFDA}.Debug|Any CPU.Build.0 = Debug|Any CPU
		{4D3C59EF-57FE-4D0C-A2A4-61CBEAD9EFDA}.Release|Any CPU.ActiveCfg = Release|Any CPU
		{4D3C59EF-57FE-4D0C-A2A4-61CBEAD9EFDA}.Release|Any CPU.Build.0 = Release|Any CPU
	EndGlobalSection
	GlobalSection(SolutionProperties) = preSolution
		HideSolutionNode = FALSE
	EndGlobalSection
	GlobalSection(ExtensibilityGlobals) = postSolution
		SolutionGuid = {45B8EE92-EE64-4B55-BACD-B880BE193412}
	EndGlobalSection
EndGlobal
